
Microsoft Visual Studio Solution File, Format Version 12.00
# Visual Studio 2013
Project("{FAE04EC0-301F-11D3-BF4B-00C04F79EFBC}") = "UnityVS.Breakout.CSharp", "UnityVS.Breakout.CSharp.csproj", "{37CB76A4-0B72-C7DA-4327-C8CB2C43DA67}"
EndProject
Global
	GlobalSection(SolutionConfigurationPlatforms) = preSolution
		Debug|Any CPU = Debug|Any CPU
		Release|Any CPU = Release|Any CPU
	EndGlobalSection
	GlobalSection(ProjectConfigurationPlatforms) = postSolution
		{37CB76A4-0B72-C7DA-4327-C8CB2C43DA67}.Debug|Any CPU.ActiveCfg = Debug|Any CPU
		{37CB76A4-0B72-C7DA-4327-C8CB2C43DA67}.Debug|Any CPU.Build.0 = Debug|Any CPU
		{37CB76A4-0B72-C7DA-4327-C8CB2C43DA67}.Release|Any CPU.ActiveCfg = Release|Any CPU
		{37CB76A4-0B72-C7DA-4327-C8CB2C43DA67}.Release|Any CPU.Build.0 = Release|Any CPU
	EndGlobalSection
	GlobalSection(SolutionProperties) = preSolution
		HideSolutionNode = FALSE
	EndGlobalSection
EndGlobal
